Microsoft Visual Studio Solution File, Format Version 12.00
# Visual Studio 15
VisualStudioVersion = 15.0.27703.2000
MinimumVisualStudioVersion = 10.0.40219.1
Project("{FAE04EC0-301F-11D3-BF4B-00C04F79EFBC}") = "HuntLog.iOS", "HuntLog.iOS\HuntLog.iOS.csproj", "{40D73950-3DD6-48CD-8699-6F7F7AEC93AC}"
EndProject
Project("{FAE04EC0-301F-11D3-BF4B-00C04F79EFBC}") = "HuntLog.UITests", "HuntLog.UITests\HuntLog.UITests.csproj", "{B19C892E-2628-4CA7-AD27-08D406A3B14B}"
EndProject
Project("{FAE04EC0-301F-11D3-BF4B-00C04F79EFBC}") = "HuntLog.Droid", "HuntLog.Android\HuntLog.Droid.csproj", "{FED6658B-BA94-4ED6-B689-D5168DD801EB}"
EndProject
Project("{FAE04EC0-301F-11D3-BF4B-00C04F79EFBC}") = "HuntLog.Tests", "HuntLog.Tests\HuntLog.Tests.csproj", "{3C8A5099-DF9C-45E2-909B-1BE5204A8B38}"
EndProject
Project("{FAE04EC0-301F-11D3-BF4B-00C04F79EFBC}") = "HuntLog", "HuntLog\HuntLog.csproj", "{7B5E3981-5343-4F87-976B-798A8F05BE39}"
EndProject
Project("{FAE04EC0-301F-11D3-BF4B-00C04F79EFBC}") = "HuntLog.Xnapshot", "HuntLog.Xnapshot\HuntLog.Xnapshot.csproj", "{D84B445B-2612-4249-B899-C29D4442D935}"
EndProject
Global
	GlobalSection(SolutionConfigurationPlatforms) = preSolution
		Ad-Hoc|Any CPU = Ad-Hoc|Any CPU
		Ad-Hoc|iPhone = Ad-Hoc|iPhone
		Ad-Hoc|iPhoneSimulator = Ad-Hoc|iPhoneSimulator
		AppStore|Any CPU = AppStore|Any CPU
		AppStore|iPhone = AppStore|iPhone
		AppStore|iPhoneSimulator = AppStore|iPhoneSimulator
		Debug|Any CPU = Debug|Any CPU
		Debug|iPhone = Debug|iPhone
		Debug|iPhoneSimulator = Debug|iPhoneSimulator
		Release|Any CPU = Release|Any CPU
		Release|iPhone = Release|iPhone
		Release|iPhoneSimulator = Release|iPhoneSimulator
	EndGlobalSection
	GlobalSection(ProjectConfigurationPlatforms) = postSolution
		{40D73950-3DD6-48CD-8699-6F7F7AEC93AC}.Ad-Hoc|Any CPU.ActiveCfg = Ad-Hoc|iPhoneSimulator
		{40D73950-3DD6-48CD-8699-6F7F7AEC93AC}.Ad-Hoc|iPhone.ActiveCfg = Ad-Hoc|iPhone
		{40D73950-3DD6-48CD-8699-6F7F7AEC93AC}.Ad-Hoc|iPhone.Build.0 = Ad-Hoc|iPhone
		{40D73950-3DD6-48CD-8699-6F7F7AEC93AC}.Ad-Hoc|iPhoneSimulator.ActiveCfg = Ad-Hoc|iPhoneSimulator
		{40D73950-3DD6-48CD-8699-6F7F7AEC93AC}.Ad-Hoc|iPhoneSimulator.Build.0 = Ad-Hoc|iPhoneSimulator
		{40D73950-3DD6-48CD-8699-6F7F7AEC93AC}.AppStore|Any CPU.ActiveCfg = AppStore|iPhoneSimulator
		{40D73950-3DD6-48CD-8699-6F7F7AEC93AC}.AppStore|iPhone.ActiveCfg = AppStore|iPhone
		{40D73950-3DD6-48CD-8699-6F7F7AEC93AC}.AppStore|iPhone.Build.0 = AppStore|iPhone
		{40D73950-3DD6-48CD-8699-6F7F7AEC93AC}.AppStore|iPhoneSimulator.ActiveCfg = AppStore|iPhoneSimulator
		{40D73950-3DD6-48CD-8699-6F7F7AEC93AC}.AppStore|iPhoneSimulator.Build.0 = AppStore|iPhoneSimulator
		{40D73950-3DD6-48CD-8699-6F7F7AEC93AC}.Debug|Any CPU.ActiveCfg = Debug|iPhoneSimulator
		{40D73950-3DD6-48CD-8699-6F7F7AEC93AC}.Debug|Any CPU.Build.0 = Debug|iPhoneSimulator
		{40D73950-3DD6-48CD-8699-6F7F7AEC93AC}.Debug|iPhone.ActiveCfg = Debug|iPhone
		{40D73950-3DD6-48CD-8699-6F7F7AEC93AC}.Debug|iPhone.Build.0 = Debug|iPhone
		{40D73950-3DD6-48CD-8699-6F7F7AEC93AC}.Debug|iPhoneSimulator.ActiveCfg = Debug|iPhoneSimulator
		{40D73950-3DD6-48CD-8699-6F7F7AEC93AC}.Debug|iPhoneSimulator.Build.0 = Debug|iPhoneSimulator
		{40D73950-3DD6-48CD-8699-6F7F7AEC93AC}.Release|Any CPU.ActiveCfg = Release|iPhoneSimulator
		{40D73950-3DD6-48CD-8699-6F7F7AEC93AC}.Release|Any CPU.Build.0 = Release|iPhoneSimulator
		{40D73950-3DD6-48CD-8699-6F7F7AEC93AC}.Release|iPhone.ActiveCfg = Release|iPhone
		{40D73950-3DD6-48CD-8699-6F7F7AEC93AC}.Release|iPhone.Build.0 = Release|iPhone
		{40D73950-3DD6-48CD-8699-6F7F7AEC93AC}.Release|iPhoneSimulator.ActiveCfg = Release|iPhoneSimulator
		{40D73950-3DD6-48CD-8699-6F7F7AEC93AC}.Release|iPhoneSimulator.Build.0 = Release|iPhoneSimulator
		{B19C892E-2628-4CA7-AD27-08D406A3B14B}.Ad-Hoc|Any CPU.ActiveCfg = Release|Any CPU
		{B19C892E-2628-4CA7-AD27-08D406A3B14B}.Ad-Hoc|Any CPU.Build.0 = Release|Any CPU
		{B19C892E-2628-4CA7-AD27-08D406A3B14B}.Ad-Hoc|iPhone.ActiveCfg = Debug|Any CPU
		{B19C892E-2628-4CA7-AD27-08D406A3B14B}.Ad-Hoc|iPhone.Build.0 = Debug|Any CPU
		{B19C892E-2628-4CA7-AD27-08D406A3B14B}.Ad-Hoc|iPhoneSimulator.ActiveCfg = Release|Any CPU
		{B19C892E-2628-4CA7-AD27-08D406A3B14B}.Ad-Hoc|iPhoneSimulator.Build.0 = Release|Any CPU
		{B19C892E-2628-4CA7-AD27-08D406A3B14B}.AppStore|Any CPU.ActiveCfg = Release|Any CPU
		{B19C892E-2628-4CA7-AD27-08D406A3B14B}.AppStore|Any CPU.Build.0 = Release|Any CPU
		{B19C892E-2628-4CA7-AD27-08D406A3B14B}.AppStore|iPhone.ActiveCfg = Debug|Any CPU
		{B19C892E-2628-4CA7-AD27-08D406A3B14B}.AppStore|iPhone.Build.0 = Debug|Any CPU
		{B19C892E-2628-4CA7-AD27-08D406A3B14B}.AppStore|iPhoneSimulator.ActiveCfg = Release|Any CPU
		{B19C892E-2628-4CA7-AD27-08D406A3B14B}.AppStore|iPhoneSimulator.Build.0 = Release|Any CPU
		{B19C892E-2628-4CA7-AD27-08D406A3B14B}.Debug|Any CPU.ActiveCfg = Debug|Any CPU
		{B19C892E-2628-4CA7-AD27-08D406A3B14B}.Debug|Any CPU.Build.0 = Debug|Any CPU
		{B19C892E-2628-4CA7-AD27-08D406A3B14B}.Debug|iPhone.ActiveCfg = Debug|Any CPU
		{B19C892E-2628-4CA7-AD27-08D406A3B14B}.Debug|iPhone.Build.0 = Debug|Any CPU
		{B19C892E-2628-4CA7-AD27-08D406A3B14B}.Debug|iPhoneSimulator.ActiveCfg = Debug|Any CPU
		{B19C892E-2628-4CA7-AD27-08D406A3B14B}.Debug|iPhoneSimulator.Build.0 = Debug|Any CPU
		{B19C892E-2628-4CA7-AD27-08D406A3B14B}.Release|Any CPU.ActiveCfg = Release|Any CPU
		{B19C892E-2628-4CA7-AD27-08D406A3B14B}.Release|Any CPU.Build.0 = Release|Any CPU
		{B19C892E-2628-4CA7-AD27-08D406A3B14B}.Release|iPhone.ActiveCfg = Release|Any CPU
		{B19C892E-2628-4CA7-AD27-08D406A3B14B}.Release|iPhone.Build.0 = Release|Any CPU
		{B19C892E-2628-4CA7-AD27-08D406A3B14B}.Release|iPhoneSimulator.ActiveCfg = Release|Any CPU
		{B19C892E-2628-4CA7-AD27-08D406A3B14B}.Release|iPhoneSimulator.Build.0 = Release|Any CPU
		{FED6658B-BA94-4ED6-B689-D5168DD801EB}.Ad-Hoc|Any CPU.ActiveCfg = Release|Any CPU
		{FED6658B-BA94-4ED6-B689-D5168DD801EB}.Ad-Hoc|Any CPU.Build.0 = Release|Any CPU
		{FED6658B-BA94-4ED6-B689-D5168DD801EB}.Ad-Hoc|Any CPU.Deploy.0 = Release|Any CPU
		{FED6658B-BA94-4ED6-B689-D5168DD801EB}.Ad-Hoc|iPhone.ActiveCfg = Debug|Any CPU
		{FED6658B-BA94-4ED6-B689-D5168DD801EB}.Ad-Hoc|iPhone.Build.0 = Debug|Any CPU
		{FED6658B-BA94-4ED6-B689-D5168DD801EB}.Ad-Hoc|iPhoneSimulator.ActiveCfg = Release|Any CPU
		{FED6658B-BA94-4ED6-B689-D5168DD801EB}.Ad-Hoc|iPhoneSimulator.Build.0 = Release|Any CPU
		{FED6658B-BA94-4ED6-B689-D5168DD801EB}.Ad-Hoc|iPhoneSimulator.Deploy.0 = Release|Any CPU
		{FED6658B-BA94-4ED6-B689-D5168DD801EB}.AppStore|Any CPU.ActiveCfg = Release|Any CPU
		{FED6658B-BA94-4ED6-B689-D5168DD801EB}.AppStore|Any CPU.Build.0 = Release|Any CPU
		{FED6658B-BA94-4ED6-B689-D5168DD801EB}.AppStore|Any CPU.Deploy.0 = Release|Any CPU
		{FED6658B-BA94-4ED6-B689-D5168DD801EB}.AppStore|iPhone.ActiveCfg = Debug|Any CPU
		{FED6658B-BA94-4ED6-B689-D5168DD801EB}.AppStore|iPhone.Build.0 = Debug|Any CPU
		{FED6658B-BA94-4ED6-B689-D5168DD801EB}.AppStore|iPhoneSimulator.ActiveCfg = Release|Any CPU
		{FED6658B-BA94-4ED6-B689-D5168DD801EB}.AppStore|iPhoneSimulator.Build.0 = Release|Any CPU
		{FED6658B-BA94-4ED6-B689-D5168DD801EB}.AppStore|iPhoneSimulator.Deploy.0 = Release|Any CPU
		{FED6658B-BA94-4ED6-B689-D5168DD801EB}.Debug|Any CPU.ActiveCfg = Debug|Any CPU
		{FED6658B-BA94-4ED6-B689-D5168DD801EB}.Debug|Any CPU.Build.0 = Debug|Any CPU
		{FED6658B-BA94-4ED6-B689-D5168DD801EB}.Debug|iPhone.ActiveCfg = Debug|Any CPU
		{FED6658B-BA94-4ED6-B689-D5168DD801EB}.Debug|iPhone.Build.0 = Debug|Any CPU
		{FED6658B-BA94-4ED6-B689-D5168DD801EB}.Debug|iPhoneSimulator.ActiveCfg = Debug|Any CPU
		{FED6658B-BA94-4ED6-B689-D5168DD801EB}.Debug|iPhoneSimulator.Build.0 = Debug|Any CPU
		{FED6658B-BA94-4ED6-B689-D5168DD801EB}.Release|Any CPU.ActiveCfg = Release|Any CPU
		{FED6658B-BA94-4ED6-B689-D5168DD801EB}.Release|Any CPU.Build.0 = Release|Any CPU
		{FED6658B-BA94-4ED6-B689-D5168DD801EB}.Release|iPhone.ActiveCfg = Release|Any CPU
		{FED6658B-BA94-4ED6-B689-D5168DD801EB}.Release|iPhone.Build.0 = Release|Any CPU
		{FED6658B-BA94-4ED6-B689-D5168DD801EB}.Release|iPhoneSimulator.ActiveCfg = Release|Any CPU
		{FED6658B-BA94-4ED6-B689-D5168DD801EB}.Release|iPhoneSimulator.Build.0 = Release|Any CPU
		{3C8A5099-DF9C-45E2-909B-1BE5204A8B38}.Ad-Hoc|Any CPU.ActiveCfg = Debug|Any CPU
		{3C8A5099-DF9C-45E2-909B-1BE5204A8B38}.Ad-Hoc|Any CPU.Build.0 = Debug|Any CPU
		{3C8A5099-DF9C-45E2-909B-1BE5204A8B38}.Ad-Hoc|iPhone.ActiveCfg = Debug|Any CPU
		{3C8A5099-DF9C-45E2-909B-1BE5204A8B38}.Ad-Hoc|iPhone.Build.0 = Debug|Any CPU
		{3C8A5099-DF9C-45E2-909B-1BE5204A8B38}.Ad-Hoc|iPhoneSimulator.ActiveCfg = Debug|Any CPU
		{3C8A5099-DF9C-45E2-909B-1BE5204A8B38}.Ad-Hoc|iPhoneSimulator.Build.0 = Debug|Any CPU
		{3C8A5099-DF9C-45E2-909B-1BE5204A8B38}.AppStore|Any CPU.ActiveCfg = Debug|Any CPU
		{3C8A5099-DF9C-45E2-909B-1BE5204A8B38}.AppStore|Any CPU.Build.0 = Debug|Any CPU
		{3C8A5099-DF9C-45E2-909B-1BE5204A8B38}.AppStore|iPhone.ActiveCfg = Debug|Any CPU
		{3C8A5099-DF9C-45E2-909B-1BE5204A8B38}.AppStore|iPhone.Build.0 = Debug|Any CPU
		{3C8A5099-DF9C-45E2-909B-1BE5204A8B38}.AppStore|iPhoneSimulator.ActiveCfg = Debug|Any CPU
		{3C8A5099-DF9C-45E2-909B-1BE5204A8B38}.AppStore|iPhoneSimulator.Build.0 = Debug|Any CPU
		{3C8A5099-DF9C-45E2-909B-1BE5204A8B38}.Debug|Any CPU.ActiveCfg = Debug|Any CPU
		{3C8A5099-DF9C-45E2-909B-1BE5204A8B38}.Debug|Any CPU.Build.0 = Debug|Any CPU
		{3C8A5099-DF9C-45E2-909B-1BE5204A8B38}.Debug|iPhone.ActiveCfg = Debug|Any CPU
		{3C8A5099-DF9C-45E2-909B-1BE5204A8B38}.Debug|iPhone.Build.0 = Debug|Any CPU
		{3C8A5099-DF9C-45E2-909B-1BE5204A8B38}.Debug|iPhoneSimulator.ActiveCfg = Debug|Any CPU
		{3C8A5099-DF9C-45E2-909B-1BE5204A8B38}.Debug|iPhoneSimulator.Build.0 = Debug|Any CPU
		{3C8A5099-DF9C-45E2-909B-1BE5204A8B38}.Release|Any CPU.ActiveCfg = Release|Any CPU
		{3C8A5099-DF9C-45E2-909B-1BE5204A8B38}.Release|Any CPU.Build.0 = Release|Any CPU
		{3C8A5099-DF9C-45E2-909B-1BE5204A8B38}.Release|iPhone.ActiveCfg = Release|Any CPU
		{3C8A5099-DF9C-45E2-909B-1BE5204A8B38}.Release|iPhone.Build.0 = Release|Any CPU
		{3C8A5099-DF9C-45E2-909B-1BE5204A8B38}.Release|iPhoneSimulator.ActiveCfg = Release|Any CPU
		{3C8A5099-DF9C-45E2-909B-1BE5204A8B38}.Release|iPhoneSimulator.Build.0 = Release|Any CPU
		{7B5E3981-5343-4F87-976B-798A8F05BE39}.Ad-Hoc|Any CPU.ActiveCfg = Release|Any CPU
		{7B5E3981-5343-4F87-976B-798A8F05BE39}.Ad-Hoc|Any CPU.Build.0 = Release|Any CPU
		{7B5E3981-5343-4F87-976B-798A8F05BE39}.Ad-Hoc|iPhone.ActiveCfg = Debug|Any CPU
		{7B5E3981-5343-4F87-976B-798A8F05BE39}.Ad-Hoc|iPhone.Build.0 = Debug|Any CPU
		{7B5E3981-5343-4F87-976B-798A8F05BE39}.Ad-Hoc|iPhoneSimulator.ActiveCfg = Release|Any CPU
		{7B5E3981-5343-4F87-976B-798A8F05BE39}.Ad-Hoc|iPhoneSimulator.Build.0 = Release|Any CPU
		{7B5E3981-5343-4F87-976B-798A8F05BE39}.AppStore|Any CPU.ActiveCfg = Release|Any CPU
		{7B5E3981-5343-4F87-976B-798A8F05BE39}.AppStore|Any CPU.Build.0 = Release|Any CPU
		{7B5E3981-5343-4F87-976B-798A8F05BE39}.AppStore|iPhone.ActiveCfg = Debug|Any CPU
		{7B5E3981-5343-4F87-976B-798A8F05BE39}.AppStore|iPhone.Build.0 = Debug|Any CPU
		{7B5E3981-5343-4F87-976B-798A8F05BE39}.AppStore|iPhoneSimulator.ActiveCfg = Release|Any CPU
		{7B5E3981-5343-4F87-976B-798A8F05BE39}.AppStore|iPhoneSimulator.Build.0 = Release|Any CPU
		{7B5E3981-5343-4F87-976B-798A8F05BE39}.Debug|Any CPU.ActiveCfg = Debug|Any CPU
		{7B5E3981-5343-4F87-976B-798A8F05BE39}.Debug|Any CPU.Build.0 = Debug|Any CPU
		{7B5E3981-5343-4F87-976B-798A8F05BE39}.Debug|iPhone.ActiveCfg = Debug|Any CPU
		{7B5E3981-5343-4F87-976B-798A8F05BE39}.Debug|iPhone.Build.0 = Debug|Any CPU
		{7B5E3981-5343-4F87-976B-798A8F05BE39}.Debug|iPhoneSimulator.ActiveCfg = Debug|Any CPU
		{7B5E3981-5343-4F87-976B-798A8F05BE39}.Debug|iPhoneSimulator.Build.0 = Debug|Any CPU
		{7B5E3981-5343-4F87-976B-798A8F05BE39}.Release|Any CPU.ActiveCfg = Release|Any CPU
		{7B5E3981-5343-4F87-976B-798A8F05BE39}.Release|Any CPU.Build.0 = Release|Any CPU
		{7B5E3981-5343-4F87-976B-798A8F05BE39}.Release|iPhone.ActiveCfg = Release|Any CPU
		{7B5E3981-5343-4F87-976B-798A8F05BE39}.Release|iPhone.Build.0 = Release|Any CPU
		{7B5E3981-5343-4F87-976B-798A8F05BE39}.Release|iPhoneSimulator.ActiveCfg = Release|Any CPU
		{7B5E3981-5343-4F87-976B-798A8F05BE39}.Release|iPhoneSimulator.Build.0 = Release|Any CPU
		{D84B445B-2612-4249-B899-C29D4442D935}.Ad-Hoc|Any CPU.ActiveCfg = Release|Any CPU
		{D84B445B-2612-4249-B899-C29D4442D935}.Ad-Hoc|Any CPU.Build.0 = Release|Any CPU
		{D84B445B-2612-4249-B899-C29D4442D935}.Ad-Hoc|iPhone.ActiveCfg = Release|Any CPU
		{D84B445B-2612-4249-B899-C29D4442D935}.Ad-Hoc|iPhone.Build.0 = Release|Any CPU
		{D84B445B-2612-4249-B899-C29D4442D935}.Ad-Hoc|iPhoneSimulator.ActiveCfg = Release|Any CPU
		{D84B445B-2612-4249-B899-C29D4442D935}.Ad-Hoc|iPhoneSimulator.Build.0 = Release|Any CPU
		{D84B445B-2612-4249-B899-C29D4442D935}.AppStore|Any CPU.ActiveCfg = Release|Any CPU
		{D84B445B-2612-4249-B899-C29D4442D935}.AppStore|Any CPU.Build.0 = Release|Any CPU
		{D84B445B-2612-4249-B899-C29D4442D935}.AppStore|iPhone.ActiveCfg = Release|Any CPU
		{D84B445B-2612-4249-B899-C29D4442D935}.AppStore|iPhone.Build.0 = Release|Any CPU
		{D84B445B-2612-4249-B899-C29D4442D935}.AppStore|iPhoneSimulator.ActiveCfg = Release|Any CPU
		{D84B445B-2612-4249-B899-C29D4442D935}.AppStore|iPhoneSimulator.Build.0 = Release|Any CPU
		{D84B445B-2612-4249-B899-C29D4442D935}.Debug|Any CPU.ActiveCfg = Debug|Any CPU
		{D84B445B-2612-4249-B899-C29D4442D935}.Debug|Any CPU.Build.0 = Debug|Any CPU
		{D84B445B-2612-4249-B899-C29D4442D935}.Debug|iPhone.ActiveCfg = Debug|Any CPU
		{D84B445B-2612-4249-B899-C29D4442D935}.Debug|iPhone.Build.0 = Debug|Any CPU
		{D84B445B-2612-4249-B899-C29D4442D935}.Debug|iPhoneSimulator.ActiveCfg = Debug|Any CPU
		{D84B445B-2612-4249-B899-C29D4442D935}.Debug|iPhoneSimulator.Build.0 = Debug|Any CPU
		{D84B445B-2612-4249-B899-C29D4442D935}.Release|Any CPU.ActiveCfg = Release|Any CPU
		{D84B445B-2612-4249-B899-C29D4442D935}.Release|Any CPU.Build.0 = Release|Any CPU
		{D84B445B-2612-4249-B899-C29D4442D935}.Release|iPhone.ActiveCfg = Release|Any CPU
		{D84B445B-2612-4249-B899-C29D4442D935}.Release|iPhone.Build.0 = Release|Any CPU
		{D84B445B-2612-4249-B899-C29D4442D935}.Release|iPhoneSimulator.ActiveCfg = Release|Any CPU
		{D84B445B-2612-4249-B899-C29D4442D935}.Release|iPhoneSimulator.Build.0 = Release|Any CPU
	EndGlobalSection
	GlobalSection(SolutionProperties) = preSolution
		HideSolutionNode = FALSE
	EndGlobalSection
	GlobalSection(ExtensibilityGlobals) = postSolution
		SolutionGuid = {8619E33C-2E6C-4B28-8638-1381988AFE8D}
	EndGlobalSection
EndGlobal
